# THIS IS AN AUTOGENERATED FILE. DO NOT EDIT THIS FILE DIRECTLY.
# yarn lockfile v1


"@hotwired/stimulus@^3.2.2":
  version "3.2.2"
  resolved "https://registry.yarnpkg.com/@hotwired/stimulus/-/stimulus-3.2.2.tgz#071aab59c600fed95b97939e605ff261a4251608"
  integrity sha512-eGeIqNOQpXoPAIP7tC1+1Yc1yl1xnwYqg+3mzqxyrbE5pg5YFBZcA6YoTiByJB6DKAEsiWtl6tjTJS4IYtbB7A==

atomico@^1.76.1:
  version "1.79.2"
  resolved "https://registry.yarnpkg.com/atomico/-/atomico-1.79.2.tgz#eebff0e65fe12fdf2d751f57ec66e8057e923ddc"
  integrity sha512-mshhLRMeIltNYbnQnqgnrvJ/uDa8XDfTQcjw3ymOygQqwHIQ4Sp0LcNYMCbACkV3DtV+eDXb9szwU4qMUuGwYQ==

cally@^0.7.1:
  version "0.7.1"
  resolved "https://registry.yarnpkg.com/cally/-/cally-0.7.1.tgz#cc7bd414a57dfe25b6f56d93c8f73c6a42e201ec"
  integrity sha512-pMWInVWdwuQMmXvGQfPVECHRLnQgtwJ4Ya+dIU4D+7I4AQIR7nsVON0cOi4paioNzvtSuu/HiUr22RQOcmiqxA==
  dependencies:
    atomico "^1.76.1"
